// !$*UTF8*$!
{
	archiveVersion = 1;
	classes = {
	};
	objectVersion = 50;
	objects = {

/* Begin PBXBuildFile section */
		A52AF89225B996B3005AD27B /* PuzzleApp.swift in Sources */ = {isa = PBXBuildFile; fileRef = A52AF89125B996B3005AD27B /* PuzzleApp.swift */; };
		A52AF89425B996B3005AD27B /* ContentView.swift in Sources */ = {isa = PBXBuildFile; fileRef = A52AF89325B996B3005AD27B /* ContentView.swift */; };
		A52AF89625B996BA005AD27B /* Assets.xcassets in Resources */ = {isa = PBXBuildFile; fileRef = A52AF89525B996BA005AD27B /* Assets.xcassets */; };
		A52AF89925B996BA005AD27B /* Preview Assets.xcassets in Resources */ = {isa = PBXBuildFile; fileRef = A52AF89825B996BA005AD27B /* Preview Assets.xcassets */; };
		A52DD3652614660900854954 /* GameView.swift in Sources */ = {isa = PBXBuildFile; fileRef = A52DD3642614660900854954 /* GameView.swift */; };
		A560AA452613238000DE3A9E /* LevelController.swift in Sources */ = {isa = PBXBuildFile; fileRef = A560AA442613238000DE3A9E /* LevelController.swift */; };
		A56ADEE0261492390009C0BF /* T.sks in Resources */ = {isa = PBXBuildFile; fileRef = A56ADEDF261492390009C0BF /* T.sks */; };
		A56ADEE32614925A0009C0BF /* GameScene.swift in Sources */ = {isa = PBXBuildFile; fileRef = A56ADEE22614925A0009C0BF /* GameScene.swift */; };
/* End PBXBuildFile section */

/* Begin PBXFileReference section */
		A52AF88E25B996B3005AD27B /* Puzzle.app */ = {isa = PBXFileReference; explicitFileType = wrapper.application; includeInIndex = 0; path = Puzzle.app; sourceTree = BUILT_PRODUCTS_DIR; };
		A52AF89125B996B3005AD27B /* PuzzleApp.swift */ = {isa = PBXFileReference; lastKnownFileType = sourcecode.swift; path = PuzzleApp.swift; sourceTree = "<group>"; };
		A52AF89325B996B3005AD27B /* ContentView.swift */ = {isa = PBXFileReference; lastKnownFileType = sourcecode.swift; path = ContentView.swift; sourceTree = "<group>"; };
		A52AF89525B996BA005AD27B /* Assets.xcassets */ = {isa = PBXFileReference; lastKnownFileType = folder.assetcatalog; path = Assets.xcassets; sourceTree = "<group>"; };
		A52AF89825B996BA005AD27B /* Preview Assets.xcassets */ = {isa = PBXFileReference; lastKnownFileType = folder.assetcatalog; path = "Preview Assets.xcassets"; sourceTree = "<group>"; };
		A52AF89A25B996BA005AD27B /* Info.plist */ = {isa = PBXFileReference; lastKnownFileType = text.plist.xml; path = Info.plist; sourceTree = "<group>"; };
		A52DD3642614660900854954 /* GameView.swift */ = {isa = PBXFileReference; lastKnownFileType = sourcecode.swift; path = GameView.swift; sourceTree = "<group>"; };
		A560AA442613238000DE3A9E /* LevelController.swift */ = {isa = PBXFileReference; lastKnownFileType = sourcecode.swift; path = LevelController.swift; sourceTree = "<group>"; };
		A56ADEDF261492390009C0BF /* T.sks */ = {isa = PBXFileReference; lastKnownFileType = file.sks; path = T.sks; sourceTree = "<group>"; };
		A56ADEE22614925A0009C0BF /* GameScene.swift */ = {isa = PBXFileReference; lastKnownFileType = sourcecode.swift; path = GameScene.swift; sourceTree = "<group>"; };
/* End PBXFileReference section */

/* Begin PBXFrameworksBuildPhase section */
		A52AF88B25B996B3005AD27B /* Frameworks */ = {
			isa = PBXFrameworksBuildPhase;
			buildActionMask = 2147483647;
			files = (
			);
			runOnlyForDeploymentPostprocessing = 0;
		};
/* End PBXFrameworksBuildPhase section */

/* Begin PBXGroup section */
		A52AF88525B996B2005AD27B = {
			isa = PBXGroup;
			children = (
				A52AF89025B996B3005AD27B /* Puzzle */,
				A52AF88F25B996B3005AD27B /* Products */,
			);
			sourceTree = "<group>";
		};
		A52AF88F25B996B3005AD27B /* Products */ = {
			isa = PBXGroup;
			children = (
				A52AF88E25B996B3005AD27B /* Puzzle.app */,
			);
			name = Products;
			sourceTree = "<group>";
		};
		A52AF89025B996B3005AD27B /* Puzzle */ = {
			isa = PBXGroup;
			children = (
				A52AF89125B996B3005AD27B /* PuzzleApp.swift */,
				A52AF89325B996B3005AD27B /* ContentView.swift */,
				A52DD3642614660900854954 /* GameView.swift */,
				A560AA442613238000DE3A9E /* LevelController.swift */,
				A56ADEE22614925A0009C0BF /* GameScene.swift */,
				A52AF89525B996BA005AD27B /* Assets.xcassets */,
				A56ADEDF261492390009C0BF /* T.sks */,
				A52AF89A25B996BA005AD27B /* Info.plist */,
				A52AF89725B996BA005AD27B /* Preview Content */,
			);
			path = Puzzle;
			sourceTree = "<group>";
		};
		A52AF89725B996BA005AD27B /* Preview Content */ = {
			isa = PBXGroup;
			children = (
				A52AF89825B996BA005AD27B /* Preview Assets.xcassets */,
			);
			path = "Preview Content";
			sourceTree = "<group>";
		};
/* End PBXGroup section */

/* Begin PBXNativeTarget section */
		A52AF88D25B996B3005AD27B /* Puzzle */ = {
			isa = PBXNativeTarget;
			buildConfigurationList = A52AF89D25B996BA005AD27B /* Build configuration list for PBXNativeTarget "Puzzle" */;
			buildPhases = (
				A52AF88A25B996B3005AD27B /* Sources */,
				A52AF88B25B996B3005AD27B /* Frameworks */,
				A52AF88C25B996B3005AD27B /* Resources */,
			);
			buildRules = (
			);
			dependencies = (
			);
			name = Puzzle;
			productName = Puzzle;
			productReference = A52AF88E25B996B3005AD27B /* Puzzle.app */;
			productType = "com.apple.product-type.application";
		};
/* End PBXNativeTarget section */

/* Begin PBXProject section */
		A52AF88625B996B2005AD27B /* Project object */ = {
			isa = PBXProject;
			attributes = {
				LastSwiftUpdateCheck = 1220;
				LastUpgradeCheck = 1220;
				TargetAttributes = {
					A52AF88D25B996B3005AD27B = {
						CreatedOnToolsVersion = 12.2;
					};
				};
			};
			buildConfigurationList = A52AF88925B996B2005AD27B /* Build configuration list for PBXProject "Puzzle" */;
			compatibilityVersion = "Xcode 9.3";
			developmentRegion = en;
			hasScannedForEncodings = 0;
			knownRegions = (
				en,
				Base,
			);
			mainGroup = A52AF88525B996B2005AD27B;
			productRefGroup = A52AF88F25B996B3005AD27B /* Products */;
			projectDirPath = "";
			projectRoot = "";
			targets = (
				A52AF88D25B996B3005AD27B /* Puzzle */,
			);
		};
/* End PBXProject section */

/* Begin PBXResourcesBuildPhase section */
		A52AF88C25B996B3005AD27B /* Resources */ = {
			isa = PBXResourcesBuildPhase;
			buildActionMask = 2147483647;
			files = (
				A56ADEE0261492390009C0BF /* T.sks in Resources */,
				A52AF89925B996BA005AD27B /* Preview Assets.xcassets in Resources */,
				A52AF89625B996BA005AD27B /* Assets.xcassets in Resources */,
			);
			runOnlyForDeploymentPostprocessing = 0;
		};
/* End PBXResourcesBuildPhase section */

/* Begin PBXSourcesBuildPhase section */
		A52AF88A25B996B3005AD27B /* Sources */ = {
			isa = PBXSourcesBuildPhase;
			buildActionMask = 2147483647;
			files = (
				A56ADEE32614925A0009C0BF /* GameScene.swift in Sources */,
				A52AF89425B996B3005AD27B /* ContentView.swift in Sources */,
				A560AA452613238000DE3A9E /* LevelController.swift in Sources */,
				A52DD3652614660900854954 /* GameView.swift in Sources */,
				A52AF89225B996B3005AD27B /* PuzzleApp.swift in Sources */,
			);
			runOnlyForDeploymentPostprocessing = 0;
		};
/* End PBXSourcesBuildPhase section */

/* Begin XCBuildConfiguration section */
		A52AF89B25B996BA005AD27B /* Debug */ = {
			isa = XCBuildConfiguration;
			buildSettings = {
				ALWAYS_SEARCH_USER_PATHS = NO;
				CLANG_ANALYZER_NONNULL = YES;
				CLANG_ANALYZER_NUMBER_OBJECT_CONVERSION = YES_AGGRESSIVE;
				CLANG_CXX_LANGUAGE_STANDARD = "gnu++14";
				CLANG_CXX_LIBRARY = "libc++";
				CLANG_ENABLE_MODULES = YES;
				CLANG_ENABLE_OBJC_ARC = YES;
				CLANG_ENABLE_OBJC_WEAK = YES;
				CLANG_WARN_BLOCK_CAPTURE_AUTORELEASING = YES;
				CLANG_WARN_BOOL_CONVERSION = YES;
				CLANG_WARN_COMMA = YES;
				CLANG_WARN_CONSTANT_CONVERSION = YES;
				CLANG_WARN_DEPRECATED_OBJC_IMPLEMENTATIONS = YES;
				CLANG_WARN_DIRECT_OBJC_ISA_USAGE = YES_ERROR;
				CLANG_WARN_DOCUMENTATION_COMMENTS = YES;
				CLANG_WARN_EMPTY_BODY = YES;
				CLANG_WARN_ENUM_CONVERSION = YES;
				CLANG_WARN_INFINITE_RECURSION = YES;
				CLANG_WARN_INT_CONVERSION = YES;
				CLANG_WARN_NON_LITERAL_NULL_CONVERSION = YES;
				CLANG_WARN_OBJC_IMPLICIT_RETAIN_SELF = YES;
				CLANG_WARN_OBJC_LITERAL_CONVERSION = YES;
				CLANG_WARN_OBJC_ROOT_CLASS = YES_ERROR;
				CLANG_WARN_QUOTED_INCLUDE_IN_FRAMEWORK_HEADER = YES;
				CLANG_WARN_RANGE_LOOP_ANALYSIS = YES;
				CLANG_WARN_STRICT_PROTOTYPES = YES;
				CLANG_WARN_SUSPICIOUS_MOVE = YES;
				CLANG_WARN_UNGUARDED_AVAILABILITY = YES_AGGRESSIVE;
				CLANG_WARN_UNREACHABLE_CODE = YES;
				CLANG_WARN__DUPLICATE_METHOD_MATCH = YES;
				COPY_PHASE_STRIP = NO;
				DEBUG_INFORMATION_FORMAT = dwarf;
				ENABLE_STRICT_OBJC_MSGSEND = YES;
				ENABLE_TESTABILITY = YES;
				GCC_C_LANGUAGE_STANDARD = gnu11;
				GCC_DYNAMIC_NO_PIC = NO;
				GCC_NO_COMMON_BLOCKS = YES;
				GCC_OPTIMIZATION_LEVEL = 0;
				GCC_PREPROCESSOR_DEFINITIONS = (
					"DEBUG=1",
					"$(inherited)",
				);
				GCC_WARN_64_TO_32_BIT_CONVERSION = YES;
				GCC_WARN_ABOUT_RETURN_TYPE = YES_ERROR;
				GCC_WARN_UNDECLARED_SELECTOR = YES;
				GCC_WARN_UNINITIALIZED_AUTOS = YES_AGGRESSIVE;
				GCC_WARN_UNUSED_FUNCTION = YES;
				GCC_WARN_UNUSED_VARIABLE = YES;
				IPHONEOS_DEPLOYMENT_TARGET = 14.2;
				MTL_ENABLE_DEBUG_INFO = INCLUDE_SOURCE;
				MTL_FAST_MATH = YES;
				ONLY_ACTIVE_ARCH = YES;
				SDKROOT = iphoneos;
				SWIFT_ACTIVE_COMPILATION_CONDITIONS = DEBUG;
				SWIFT_OPTIMIZATION_LEVEL = "-Onone";
			};
			name = Debug;
		};
		A52AF89C25B996BA005AD27B /* Release */ = {
			isa = XCBuildConfiguration;
			buildSettings = {
				ALWAYS_SEARCH_USER_PATHS = NO;
				CLANG_ANALYZER_NONNULL = YES;
				CLANG_ANALYZER_NUMBER_OBJECT_CONVERSION = YES_AGGRESSIVE;
				CLANG_CXX_LANGUAGE_STANDARD = "gnu++14";
				CLANG_CXX_LIBRARY = "libc++";
				CLANG_ENABLE_MODULES = YES;
				CLANG_ENABLE_OBJC_ARC = YES;
				CLANG_ENABLE_OBJC_WEAK = YES;
				CLANG_WARN_BLOCK_CAPTURE_AUTORELEASING = YES;
				CLANG_WARN_BOOL_CONVERSION = YES;
				CLANG_WARN_COMMA = YES;
				CLANG_WARN_CONSTANT_CONVERSION = YES;
				CLANG_WARN_DEPRECATED_OBJC_IMPLEMENTATIONS = YES;
				CLANG_WARN_DIRECT_OBJC_ISA_USAGE = YES_ERROR;
				CLANG_WARN_DOCUMENTATION_COMMENTS = YES;
				CLANG_WARN_EMPTY_BODY = YES;
				CLANG_WARN_ENUM_CONVERSION = YES;
				CLANG_WARN_INFINITE_RECURSION = YES;
				CLANG_WARN_INT_CONVERSION = YES;
				CLANG_WARN_NON_LITERAL_NULL_CONVERSION = YES;
				CLANG_WARN_OBJC_IMPLICIT_RETAIN_SELF = YES;
				CLANG_WARN_OBJC_LITERAL_CONVERSION = YES;
				CLANG_WARN_OBJC_ROOT_CLASS = YES_ERROR;
				CLANG_WARN_QUOTED_INCLUDE_IN_FRAMEWORK_HEADER = YES;
				CLANG_WARN_RANGE_LOOP_ANALYSIS = YES;
				CLANG_WARN_STRICT_PROTOTYPES = YES;
				CLANG_WARN_SUSPICIOUS_MOVE = YES;
				CLANG_WARN_UNGUARDED_AVAILABILITY = YES_AGGRESSIVE;
				CLANG_WARN_UNREACHABLE_CODE = YES;
				CLANG_WARN__DUPLICATE_METHOD_MATCH = YES;
				COPY_PHASE_STRIP = NO;
				DEBUG_INFORMATION_FORMAT = "dwarf-with-dsym";
				ENABLE_NS_ASSERTIONS = NO;
				ENABLE_STRICT_OBJC_MSGSEND = YES;
				GCC_C_LANGUAGE_STANDARD = gnu11;
				GCC_NO_COMMON_BLOCKS = YES;
				GCC_WARN_64_TO_32_BIT_CONVERSION = YES;
				GCC_WARN_ABOUT_RETURN_TYPE = YES_ERROR;
				GCC_WARN_UNDECLARED_SELECTOR = YES;
				GCC_WARN_UNINITIALIZED_AUTOS = YES_AGGRESSIVE;
				GCC_WARN_UNUSED_FUNCTION = YES;
				GCC_WARN_UNUSED_VARIABLE = YES;
				IPHONEOS_DEPLOYMENT_TARGET = 14.2;
				MTL_ENABLE_DEBUG_INFO = NO;
				MTL_FAST_MATH = YES;
				SDKROOT = iphoneos;
				SWIFT_COMPILATION_MODE = wholemodule;
				SWIFT_OPTIMIZATION_LEVEL = "-O";
				VALIDATE_PRODUCT = YES;
			};
			name = Release;
		};
		A52AF89E25B996BA005AD27B /* Debug */ = {
			isa = XCBuildConfiguration;
			buildSettings = {
				ASSETCATALOG_COMPILER_APPICON_NAME = AppIcon;
				ASSETCATALOG_COMPILER_GLOBAL_ACCENT_COLOR_NAME = AccentColor;
				CODE_SIGN_STYLE = Automatic;
				DEVELOPMENT_ASSET_PATHS = "\"Puzzle/Preview Content\"";
				DEVELOPMENT_TEAM = S38J3MCDE3;
				ENABLE_PREVIEWS = YES;
				INFOPLIST_FILE = Puzzle/Info.plist;
				IPHONEOS_DEPLOYMENT_TARGET = 14.0;
				LD_RUNPATH_SEARCH_PATHS = (
					"$(inherited)",
					"@executable_path/Frameworks",
				);
				PRODUCT_BUNDLE_IDENTIFIER = Fourteen.Puzzle;
				PRODUCT_NAME = "$(TARGET_NAME)";
				SWIFT_VERSION = 5.0;
				TARGETED_DEVICE_FAMILY = 1;
			};
			name = Debug;
		};
		A52AF89F25B996BA005AD27B /* Release */ = {
			isa = XCBuildConfiguration;
			buildSettings = {
				ASSETCATALOG_COMPILER_APPICON_NAME = AppIcon;
				ASSETCATALOG_COMPILER_GLOBAL_ACCENT_COLOR_NAME = AccentColor;
				CODE_SIGN_STYLE = Automatic;
				DEVELOPMENT_ASSET_PATHS = "\"Puzzle/Preview Content\"";
				DEVELOPMENT_TEAM = S38J3MCDE3;
				ENABLE_PREVIEWS = YES;
				INFOPLIST_FILE = Puzzle/Info.plist;
				IPHONEOS_DEPLOYMENT_TARGET = 14.0;
				LD_RUNPATH_SEARCH_PATHS = (
					"$(inherited)",
					"@executable_path/Frameworks",
				);
				PRODUCT_BUNDLE_IDENTIFIER = Fourteen.Puzzle;
				PRODUCT_NAME = "$(TARGET_NAME)";
				SWIFT_VERSION = 5.0;
				TARGETED_DEVICE_FAMILY = 1;
			};
			name = Release;
		};
/* End XCBuildConfiguration section */

/* Begin XCConfigurationList section */
		A52AF88925B996B2005AD27B /* Build configuration list for PBXProject "Puzzle" */ = {
			isa = XCConfigurationList;
			buildConfigurations = (
				A52AF89B25B996BA005AD27B /* Debug */,
				A52AF89C25B996BA005AD27B /* Release */,
			);
			defaultConfigurationIsVisible = 0;
			defaultConfigurationName = Release;
		};
		A52AF89D25B996BA005AD27B /* Build configuration list for PBXNativeTarget "Puzzle" */ = {
			isa = XCConfigurationList;
			buildConfigurations = (
				A52AF89E25B996BA005AD27B /* Debug */,
				A52AF89F25B996BA005AD27B /* Release */,
			);
			defaultConfigurationIsVisible = 0;
			defaultConfigurationName = Release;
		};
/* End XCConfigurationList section */
	};
	rootObject = A52AF88625B996B2005AD27B /* Project object */;
}
